{
  "requires": true,
  "lockfileVersion": 1,
  "dependencies": {
    "eslint-plugin-mui-unused-classes": {
      "version": "1.0.3",
      "resolved": "https://registry.npmjs.org/eslint-plugin-mui-unused-classes/-/eslint-plugin-mui-unused-classes-1.0.3.tgz",
      "integrity": "sha512-hsvoxxcL189LSyUyBvak+tK7XHKvoAiUBQpnCRyx6hLf4FTE+WWNtE9cRwcUwZvdh+E/wLHGp9JpNveQcQpUTw=="
    }
  }
}
